
Microsoft Visual Studio Solution File, Format Version 12.00
# Visual Studio 2013
VisualStudioVersion = 12.0.31101.0
MinimumVisualStudioVersion = 10.0.40219.1
Project("{FAE04EC0-301F-11D3-BF4B-00C04F79EFBC}") = "EndoRiskWeb", "EndoRiskWeb\EndoRiskWeb.csproj", "{11903040-C6D9-4548-A44D-D1534EA9ACE2}"
EndProject
Project("{FAE04EC0-301F-11D3-BF4B-00C04F79EFBC}") = "EndoRiskWeb.Tests", "EndoRiskWeb.Tests\EndoRiskWeb.Tests.csproj", "{DE26E849-7FE8-4F9C-B701-B6CA93125EA6}"
EndProject
Global
	GlobalSection(SolutionConfigurationPlatforms) = preSolution
		Debug|Any CPU = Debug|Any CPU
		Release|Any CPU = Release|Any CPU
	EndGlobalSection
	GlobalSection(ProjectConfigurationPlatforms) = postSolution
		{11903040-C6D9-4548-A44D-D1534EA9ACE2}.Debug|Any CPU.ActiveCfg = Debug|Any CPU
		{11903040-C6D9-4548-A44D-D1534EA9ACE2}.Debug|Any CPU.Build.0 = Debug|Any CPU
		{11903040-C6D9-4548-A44D-D1534EA9ACE2}.Release|Any CPU.ActiveCfg = Release|Any CPU
		{11903040-C6D9-4548-A44D-D1534EA9ACE2}.Release|Any CPU.Build.0 = Release|Any CPU
		{DE26E849-7FE8-4F9C-B701-B6CA93125EA6}.Debug|Any CPU.ActiveCfg = Debug|Any CPU
		{DE26E849-7FE8-4F9C-B701-B6CA93125EA6}.Debug|Any CPU.Build.0 = Debug|Any CPU
		{DE26E849-7FE8-4F9C-B701-B6CA93125EA6}.Release|Any CPU.ActiveCfg = Release|Any CPU
		{DE26E849-7FE8-4F9C-B701-B6CA93125EA6}.Release|Any CPU.Build.0 = Release|Any CPU
	EndGlobalSection
	GlobalSection(SolutionProperties) = preSolution
		HideSolutionNode = FALSE
	EndGlobalSection
EndGlobal
